// !$*UTF8*$!
{
	archiveVersion = 1;
	classes = {
	};
	objectVersion = 50;
	objects = {

/* Begin PBXBuildFile section */
		1C844C335A0A422A1091F3DE /* Pods_flixster.framework in Frameworks */ = {isa = PBXBuildFile; fileRef = F94E9BF49F0376373426EC64 /* Pods_flixster.framework */; };
		5762708FF397D8801601E820 /* Pods_flixsterUITests.framework in Frameworks */ = {isa = PBXBuildFile; fileRef = 4CC61C18DBC089938D03F967 /* Pods_flixsterUITests.framework */; };
		968BCE3E21F582A90022F248 /* AppDelegate.swift in Sources */ = {isa = PBXBuildFile; fileRef = 968BCE3D21F582A90022F248 /* AppDelegate.swift */; };
		968BCE4321F582A90022F248 /* Main.storyboard in Resources */ = {isa = PBXBuildFile; fileRef = 968BCE4121F582A90022F248 /* Main.storyboard */; };
		968BCE4821F582A90022F248 /* LaunchScreen.storyboard in Resources */ = {isa = PBXBuildFile; fileRef = 968BCE4621F582A90022F248 /* LaunchScreen.storyboard */; };
		968BCE5321F582A90022F248 /* flixsterTests.swift in Sources */ = {isa = PBXBuildFile; fileRef = 968BCE5221F582A90022F248 /* flixsterTests.swift */; };
		968BCE5E21F582A90022F248 /* flixsterUITests.swift in Sources */ = {isa = PBXBuildFile; fileRef = 968BCE5D21F582A90022F248 /* flixsterUITests.swift */; };
		968BCE6C21F584590022F248 /* MoviesViewController.swift in Sources */ = {isa = PBXBuildFile; fileRef = 968BCE6B21F584590022F248 /* MoviesViewController.swift */; };
		968BCE6E21F589050022F248 /* Assets.xcassets in Resources */ = {isa = PBXBuildFile; fileRef = 968BCE6D21F589050022F248 /* Assets.xcassets */; };
		968BCE7321F5A4BF0022F248 /* MovieCell.swift in Sources */ = {isa = PBXBuildFile; fileRef = 968BCE7221F5A4BF0022F248 /* MovieCell.swift */; };
		E6ADE4E84A33791836943061 /* Pods_flixsterTests.framework in Frameworks */ = {isa = PBXBuildFile; fileRef = 4DB15DAC364296EDE5DA50C7 /* Pods_flixsterTests.framework */; };
/* End PBXBuildFile section */

/* Begin PBXContainerItemProxy section */
		968BCE4F21F582A90022F248 /* PBXContainerItemProxy */ = {
			isa = PBXContainerItemProxy;
			containerPortal = 968BCE3221F582A90022F248 /* Project object */;
			proxyType = 1;
			remoteGlobalIDString = 968BCE3921F582A90022F248;
			remoteInfo = flixster;
		};
		968BCE5A21F582A90022F248 /* PBXContainerItemProxy */ = {
			isa = PBXContainerItemProxy;
			containerPortal = 968BCE3221F582A90022F248 /* Project object */;
			proxyType = 1;
			remoteGlobalIDString = 968BCE3921F582A90022F248;
			remoteInfo = flixster;
		};
/* End PBXContainerItemProxy section */

/* Begin PBXFileReference section */
		3A24AB1F2D6CDD158269D4C1 /* Pods-flixsterUITests.debug.xcconfig */ = {isa = PBXFileReference; includeInIndex = 1; lastKnownFileType = text.xcconfig; name = "Pods-flixsterUITests.debug.xcconfig"; path = "Pods/Target Support Files/Pods-flixsterUITests/Pods-flixsterUITests.debug.xcconfig"; sourceTree = "<group>"; };
		4CC61C18DBC089938D03F967 /* Pods_flixsterUITests.framework */ = {isa = PBXFileReference; explicitFileType = wrapper.framework; includeInIndex = 0; path = Pods_flixsterUITests.framework; sourceTree = BUILT_PRODUCTS_DIR; };
		4D55FCB3CF7019E23C685DF1 /* Pods-flixsterUITests.release.xcconfig */ = {isa = PBXFileReference; includeInIndex = 1; lastKnownFileType = text.xcconfig; name = "Pods-flixsterUITests.release.xcconfig"; path = "Pods/Target Support Files/Pods-flixsterUITests/Pods-flixsterUITests.release.xcconfig"; sourceTree = "<group>"; };
		4DB15DAC364296EDE5DA50C7 /* Pods_flixsterTests.framework */ = {isa = PBXFileReference; explicitFileType = wrapper.framework; includeInIndex = 0; path = Pods_flixsterTests.framework; sourceTree = BUILT_PRODUCTS_DIR; };
		74A16476CD910EDBB57054B4 /* Pods-flixster.debug.xcconfig */ = {isa = PBXFileReference; includeInIndex = 1; lastKnownFileType = text.xcconfig; name = "Pods-flixster.debug.xcconfig"; path = "Pods/Target Support Files/Pods-flixster/Pods-flixster.debug.xcconfig"; sourceTree = "<group>"; };
		76249F535532AAAB8DAB8F63 /* Pods-flixster.release.xcconfig */ = {isa = PBXFileReference; includeInIndex = 1; lastKnownFileType = text.xcconfig; name = "Pods-flixster.release.xcconfig"; path = "Pods/Target Support Files/Pods-flixster/Pods-flixster.release.xcconfig"; sourceTree = "<group>"; };
		89B0211B6FD837249BFEF8B8 /* Pods-flixsterTests.debug.xcconfig */ = {isa = PBXFileReference; includeInIndex = 1; lastKnownFileType = text.xcconfig; name = "Pods-flixsterTests.debug.xcconfig"; path = "Pods/Target Support Files/Pods-flixsterTests/Pods-flixsterTests.debug.xcconfig"; sourceTree = "<group>"; };
		8CE6E6079F7F48704E582083 /* Pods-flixsterTests.release.xcconfig */ = {isa = PBXFileReference; includeInIndex = 1; lastKnownFileType = text.xcconfig; name = "Pods-flixsterTests.release.xcconfig"; path = "Pods/Target Support Files/Pods-flixsterTests/Pods-flixsterTests.release.xcconfig"; sourceTree = "<group>"; };
		968BCE3A21F582A90022F248 /* flixster.app */ = {isa = PBXFileReference; explicitFileType = wrapper.application; includeInIndex = 0; path = flixster.app; sourceTree = BUILT_PRODUCTS_DIR; };
		968BCE3D21F582A90022F248 /* AppDelegate.swift */ = {isa = PBXFileReference; lastKnownFileType = sourcecode.swift; path = AppDelegate.swift; sourceTree = "<group>"; };
		968BCE4221F582A90022F248 /* Base */ = {isa = PBXFileReference; lastKnownFileType = file.storyboard; name = Base; path = Base.lproj/Main.storyboard; sourceTree = "<group>"; };
		968BCE4721F582A90022F248 /* Base */ = {isa = PBXFileReference; lastKnownFileType = file.storyboard; name = Base; path = Base.lproj/LaunchScreen.storyboard; sourceTree = "<group>"; };
		968BCE4921F582A90022F248 /* Info.plist */ = {isa = PBXFileReference; lastKnownFileType = text.plist.xml; path = Info.plist; sourceTree = "<group>"; };
		968BCE4E21F582A90022F248 /* flixsterTests.xctest */ = {isa = PBXFileReference; explicitFileType = wrapper.cfbundle; includeInIndex = 0; path = flixsterTests.xctest; sourceTree = BUILT_PRODUCTS_DIR; };
		968BCE5221F582A90022F248 /* flixsterTests.swift */ = {isa = PBXFileReference; lastKnownFileType = sourcecode.swift; path = flixsterTests.swift; sourceTree = "<group>"; };
		968BCE5421F582A90022F248 /* Info.plist */ = {isa = PBXFileReference; lastKnownFileType = text.plist.xml; path = Info.plist; sourceTree = "<group>"; };
		968BCE5921F582A90022F248 /* flixsterUITests.xctest */ = {isa = PBXFileReference; explicitFileType = wrapper.cfbundle; includeInIndex = 0; path = flixsterUITests.xctest; sourceTree = BUILT_PRODUCTS_DIR; };
		968BCE5D21F582A90022F248 /* flixsterUITests.swift */ = {isa = PBXFileReference; lastKnownFileType = sourcecode.swift; path = flixsterUITests.swift; sourceTree = "<group>"; };
		968BCE5F21F582A90022F248 /* Info.plist */ = {isa = PBXFileReference; lastKnownFileType = text.plist.xml; path = Info.plist; sourceTree = "<group>"; };
		968BCE6B21F584590022F248 /* MoviesViewController.swift */ = {isa = PBXFileReference; lastKnownFileType = sourcecode.swift; path = MoviesViewController.swift; sourceTree = "<group>"; };
		968BCE6D21F589050022F248 /* Assets.xcassets */ = {isa = PBXFileReference; lastKnownFileType = folder.assetcatalog; name = Assets.xcassets; path = ../../../../../.Trash/Assets.xcassets; sourceTree = "<group>"; };
		968BCE7221F5A4BF0022F248 /* MovieCell.swift */ = {isa = PBXFileReference; lastKnownFileType = sourcecode.swift; path = MovieCell.swift; sourceTree = "<group>"; };
		F94E9BF49F0376373426EC64 /* Pods_flixster.framework */ = {isa = PBXFileReference; explicitFileType = wrapper.framework; includeInIndex = 0; path = Pods_flixster.framework; sourceTree = BUILT_PRODUCTS_DIR; };
/* End PBXFileReference section */

/* Begin PBXFrameworksBuildPhase section */
		968BCE3721F582A90022F248 /* Frameworks */ = {
			isa = PBXFrameworksBuildPhase;
			buildActionMask = 2147483647;
			files = (
				1C844C335A0A422A1091F3DE /* Pods_flixster.framework in Frameworks */,
			);
			runOnlyForDeploymentPostprocessing = 0;
		};
		968BCE4B21F582A90022F248 /* Frameworks */ = {
			isa = PBXFrameworksBuildPhase;
			buildActionMask = 2147483647;
			files = (
				E6ADE4E84A33791836943061 /* Pods_flixsterTests.framework in Frameworks */,
			);
			runOnlyForDeploymentPostprocessing = 0;
		};
		968BCE5621F582A90022F248 /* Frameworks */ = {
			isa = PBXFrameworksBuildPhase;
			buildActionMask = 2147483647;
			files = (
				5762708FF397D8801601E820 /* Pods_flixsterUITests.framework in Frameworks */,
			);
			runOnlyForDeploymentPostprocessing = 0;
		};
/* End PBXFrameworksBuildPhase section */

/* Begin PBXGroup section */
		968BCE3121F582A90022F248 = {
			isa = PBXGroup;
			children = (
				968BCE3C21F582A90022F248 /* flixster */,
				968BCE5121F582A90022F248 /* flixsterTests */,
				968BCE5C21F582A90022F248 /* flixsterUITests */,
				968BCE3B21F582A90022F248 /* Products */,
				BE2A06FECBBD97C46651C0FD /* Pods */,
				E241BF4B5E959EE5E90F27C8 /* Frameworks */,
			);
			sourceTree = "<group>";
		};
		968BCE3B21F582A90022F248 /* Products */ = {
			isa = PBXGroup;
			children = (
				968BCE3A21F582A90022F248 /* flixster.app */,
				968BCE4E21F582A90022F248 /* flixsterTests.xctest */,
				968BCE5921F582A90022F248 /* flixsterUITests.xctest */,
			);
			name = Products;
			sourceTree = "<group>";
		};
		968BCE3C21F582A90022F248 /* flixster */ = {
			isa = PBXGroup;
			children = (
				968BCE3D21F582A90022F248 /* AppDelegate.swift */,
				968BCE4121F582A90022F248 /* Main.storyboard */,
				968BCE4621F582A90022F248 /* LaunchScreen.storyboard */,
				968BCE6B21F584590022F248 /* MoviesViewController.swift */,
				968BCE6D21F589050022F248 /* Assets.xcassets */,
				968BCE4921F582A90022F248 /* Info.plist */,
				968BCE7221F5A4BF0022F248 /* MovieCell.swift */,
			);
			path = flixster;
			sourceTree = "<group>";
		};
		968BCE5121F582A90022F248 /* flixsterTests */ = {
			isa = PBXGroup;
			children = (
				968BCE5221F582A90022F248 /* flixsterTests.swift */,
				968BCE5421F582A90022F248 /* Info.plist */,
			);
			path = flixsterTests;
			sourceTree = "<group>";
		};
		968BCE5C21F582A90022F248 /* flixsterUITests */ = {
			isa = PBXGroup;
			children = (
				968BCE5D21F582A90022F248 /* flixsterUITests.swift */,
				968BCE5F21F582A90022F248 /* Info.plist */,
			);
			path = flixsterUITests;
			sourceTree = "<group>";
		};
		BE2A06FECBBD97C46651C0FD /* Pods */ = {
			isa = PBXGroup;
			children = (
				74A16476CD910EDBB57054B4 /* Pods-flixster.debug.xcconfig */,
				76249F535532AAAB8DAB8F63 /* Pods-flixster.release.xcconfig */,
				89B0211B6FD837249BFEF8B8 /* Pods-flixsterTests.debug.xcconfig */,
				8CE6E6079F7F48704E582083 /* Pods-flixsterTests.release.xcconfig */,
				3A24AB1F2D6CDD158269D4C1 /* Pods-flixsterUITests.debug.xcconfig */,
				4D55FCB3CF7019E23C685DF1 /* Pods-flixsterUITests.release.xcconfig */,
			);
			name = Pods;
			sourceTree = "<group>";
		};
		E241BF4B5E959EE5E90F27C8 /* Frameworks */ = {
			isa = PBXGroup;
			children = (
				F94E9BF49F0376373426EC64 /* Pods_flixster.framework */,
				4DB15DAC364296EDE5DA50C7 /* Pods_flixsterTests.framework */,
				4CC61C18DBC089938D03F967 /* Pods_flixsterUITests.framework */,
			);
			name = Frameworks;
			sourceTree = "<group>";
		};
/* End PBXGroup section */

/* Begin PBXNativeTarget section */
		968BCE3921F582A90022F248 /* flixster */ = {
			isa = PBXNativeTarget;
			buildConfigurationList = 968BCE6221F582A90022F248 /* Build configuration list for PBXNativeTarget "flixster" */;
			buildPhases = (
				3E0C6A0A52AC14766DD26347 /* [CP] Check Pods Manifest.lock */,
				968BCE3621F582A90022F248 /* Sources */,
				968BCE3721F582A90022F248 /* Frameworks */,
				968BCE3821F582A90022F248 /* Resources */,
				FD199953A529CCC8A96D3CEB /* [CP] Embed Pods Frameworks */,
			);
			buildRules = (
			);
			dependencies = (
			);
			name = flixster;
			productName = flixster;
			productReference = 968BCE3A21F582A90022F248 /* flixster.app */;
			productType = "com.apple.product-type.application";
		};
		968BCE4D21F582A90022F248 /* flixsterTests */ = {
			isa = PBXNativeTarget;
			buildConfigurationList = 968BCE6521F582A90022F248 /* Build configuration list for PBXNativeTarget "flixsterTests" */;
			buildPhases = (
				83AF11BB688AACA250C67519 /* [CP] Check Pods Manifest.lock */,
				968BCE4A21F582A90022F248 /* Sources */,
				968BCE4B21F582A90022F248 /* Frameworks */,
				968BCE4C21F582A90022F248 /* Resources */,
			);
			buildRules = (
			);
			dependencies = (
				968BCE5021F582A90022F248 /* PBXTargetDependency */,
			);
			name = flixsterTests;
			productName = flixsterTests;
			productReference = 968BCE4E21F582A90022F248 /* flixsterTests.xctest */;
			productType = "com.apple.product-type.bundle.unit-test";
		};
		968BCE5821F582A90022F248 /* flixsterUITests */ = {
			isa = PBXNativeTarget;
			buildConfigurationList = 968BCE6821F582A90022F248 /* Build configuration list for PBXNativeTarget "flixsterUITests" */;
			buildPhases = (
				D77FC105AA13AE824DD11978 /* [CP] Check Pods Manifest.lock */,
				968BCE5521F582A90022F248 /* Sources */,
				968BCE5621F582A90022F248 /* Frameworks */,
				968BCE5721F582A90022F248 /* Resources */,
			);
			buildRules = (
			);
			dependencies = (
				968BCE5B21F582A90022F248 /* PBXTargetDependency */,
			);
			name = flixsterUITests;
			productName = flixsterUITests;
			productReference = 968BCE5921F582A90022F248 /* flixsterUITests.xctest */;
			productType = "com.apple.product-type.bundle.ui-testing";
		};
/* End PBXNativeTarget section */

/* Begin PBXProject section */
		968BCE3221F582A90022F248 /* Project object */ = {
			isa = PBXProject;
			attributes = {
				LastSwiftUpdateCheck = 1010;
				LastUpgradeCheck = 1010;
				ORGANIZATIONNAME = galvez2j;
				TargetAttributes = {
					968BCE3921F582A90022F248 = {
						CreatedOnToolsVersion = 10.1;
					};
					968BCE4D21F582A90022F248 = {
						CreatedOnToolsVersion = 10.1;
						TestTargetID = 968BCE3921F582A90022F248;
					};
					968BCE5821F582A90022F248 = {
						CreatedOnToolsVersion = 10.1;
						TestTargetID = 968BCE3921F582A90022F248;
					};
				};
			};
			buildConfigurationList = 968BCE3521F582A90022F248 /* Build configuration list for PBXProject "flixster" */;
			compatibilityVersion = "Xcode 9.3";
			developmentRegion = en;
			hasScannedForEncodings = 0;
			knownRegions = (
				en,
				Base,
			);
			mainGroup = 968BCE3121F582A90022F248;
			productRefGroup = 968BCE3B21F582A90022F248 /* Products */;
			projectDirPath = "";
			projectRoot = "";
			targets = (
				968BCE3921F582A90022F248 /* flixster */,
				968BCE4D21F582A90022F248 /* flixsterTests */,
				968BCE5821F582A90022F248 /* flixsterUITests */,
			);
		};
/* End PBXProject section */

/* Begin PBXResourcesBuildPhase section */
		968BCE3821F582A90022F248 /* Resources */ = {
			isa = PBXResourcesBuildPhase;
			buildActionMask = 2147483647;
			files = (
				968BCE4821F582A90022F248 /* LaunchScreen.storyboard in Resources */,
				968BCE6E21F589050022F248 /* Assets.xcassets in Resources */,
				968BCE4321F582A90022F248 /* Main.storyboard in Resources */,
			);
			runOnlyForDeploymentPostprocessing = 0;
		};
		968BCE4C21F582A90022F248 /* Resources */ = {
			isa = PBXResourcesBuildPhase;
			buildActionMask = 2147483647;
			files = (
			);
			runOnlyForDeploymentPostprocessing = 0;
		};
		968BCE5721F582A90022F248 /* Resources */ = {
			isa = PBXResourcesBuildPhase;
			buildActionMask = 2147483647;
			files = (
			);
			runOnlyForDeploymentPostprocessing = 0;
		};
/* End PBXResourcesBuildPhase section */

/* Begin PBXShellScriptBuildPhase section */
		3E0C6A0A52AC14766DD26347 /* [CP] Check Pods Manifest.lock */ = {
			isa = PBXShellScriptBuildPhase;
			buildActionMask = 2147483647;
			files = (
			);
			inputFileListPaths = (
			);
			inputPaths = (
				"${PODS_PODFILE_DIR_PATH}/Podfile.lock",
				"${PODS_ROOT}/Manifest.lock",
			);
			name = "[CP] Check Pods Manifest.lock";
			outputFileListPaths = (
			);
			outputPaths = (
				"$(DERIVED_FILE_DIR)/Pods-flixster-checkManifestLockResult.txt",
			);
			runOnlyForDeploymentPostprocessing = 0;
			shellPath = /bin/sh;
			shellScript = "diff \"${PODS_PODFILE_DIR_PATH}/Podfile.lock\" \"${PODS_ROOT}/Manifest.lock\" > /dev/null\nif [ $? != 0 ] ; then\n    # print error to STDERR\n    echo \"error: The sandbox is not in sync with the Podfile.lock. Run 'pod install' or update your CocoaPods installation.\" >&2\n    exit 1\nfi\n# This output is used by Xcode 'outputs' to avoid re-running this script phase.\necho \"SUCCESS\" > \"${SCRIPT_OUTPUT_FILE_0}\"\n";
			showEnvVarsInLog = 0;
		};
		83AF11BB688AACA250C67519 /* [CP] Check Pods Manifest.lock */ = {
			isa = PBXShellScriptBuildPhase;
			buildActionMask = 2147483647;
			files = (
			);
			inputFileListPaths = (
			);
			inputPaths = (
				"${PODS_PODFILE_DIR_PATH}/Podfile.lock",
				"${PODS_ROOT}/Manifest.lock",
			);
			name = "[CP] Check Pods Manifest.lock";
			outputFileListPaths = (
			);
			outputPaths = (
				"$(DERIVED_FILE_DIR)/Pods-flixsterTests-checkManifestLockResult.txt",
			);
			runOnlyForDeploymentPostprocessing = 0;
			shellPath = /bin/sh;
			shellScript = "diff \"${PODS_PODFILE_DIR_PATH}/Podfile.lock\" \"${PODS_ROOT}/Manifest.lock\" > /dev/null\nif [ $? != 0 ] ; then\n    # print error to STDERR\n    echo \"error: The sandbox is not in sync with the Podfile.lock. Run 'pod install' or update your CocoaPods installation.\" >&2\n    exit 1\nfi\n# This output is used by Xcode 'outputs' to avoid re-running this script phase.\necho \"SUCCESS\" > \"${SCRIPT_OUTPUT_FILE_0}\"\n";
			showEnvVarsInLog = 0;
		};
		D77FC105AA13AE824DD11978 /* [CP] Check Pods Manifest.lock */ = {
			isa = PBXShellScriptBuildPhase;
			buildActionMask = 2147483647;
			files = (
			);
			inputFileListPaths = (
			);
			inputPaths = (
				"${PODS_PODFILE_DIR_PATH}/Podfile.lock",
				"${PODS_ROOT}/Manifest.lock",
			);
			name = "[CP] Check Pods Manifest.lock";
			outputFileListPaths = (
			);
			outputPaths = (
				"$(DERIVED_FILE_DIR)/Pods-flixsterUITests-checkManifestLockResult.txt",
			);
			runOnlyForDeploymentPostprocessing = 0;
			shellPath = /bin/sh;
			shellScript = "diff \"${PODS_PODFILE_DIR_PATH}/Podfile.lock\" \"${PODS_ROOT}/Manifest.lock\" > /dev/null\nif [ $? != 0 ] ; then\n    # print error to STDERR\n    echo \"error: The sandbox is not in sync with the Podfile.lock. Run 'pod install' or update your CocoaPods installation.\" >&2\n    exit 1\nfi\n# This output is used by Xcode 'outputs' to avoid re-running this script phase.\necho \"SUCCESS\" > \"${SCRIPT_OUTPUT_FILE_0}\"\n";
			showEnvVarsInLog = 0;
		};
		FD199953A529CCC8A96D3CEB /* [CP] Embed Pods Frameworks */ = {
			isa = PBXShellScriptBuildPhase;
			buildActionMask = 2147483647;
			files = (
			);
			inputFileListPaths = (
			);
			inputPaths = (
				"${SRCROOT}/Pods/Target Support Files/Pods-flixster/Pods-flixster-frameworks.sh",
				"${BUILT_PRODUCTS_DIR}/Alamofire/Alamofire.framework",
				"${BUILT_PRODUCTS_DIR}/AlamofireImage/AlamofireImage.framework",
			);
			name = "[CP] Embed Pods Frameworks";
			outputFileListPaths = (
			);
			outputPaths = (
				"${TARGET_BUILD_DIR}/${FRAMEWORKS_FOLDER_PATH}/Alamofire.framework",
				"${TARGET_BUILD_DIR}/${FRAMEWORKS_FOLDER_PATH}/AlamofireImage.framework",
			);
			runOnlyForDeploymentPostprocessing = 0;
			shellPath = /bin/sh;
			shellScript = "\"${SRCROOT}/Pods/Target Support Files/Pods-flixster/Pods-flixster-frameworks.sh\"\n";
			showEnvVarsInLog = 0;
		};
/* End PBXShellScriptBuildPhase section */

/* Begin PBXSourcesBuildPhase section */
		968BCE3621F582A90022F248 /* Sources */ = {
			isa = PBXSourcesBuildPhase;
			buildActionMask = 2147483647;
			files = (
				968BCE3E21F582A90022F248 /* AppDelegate.swift in Sources */,
				968BCE6C21F584590022F248 /* MoviesViewController.swift in Sources */,
				968BCE7321F5A4BF0022F248 /* MovieCell.swift in Sources */,
			);
			runOnlyForDeploymentPostprocessing = 0;
		};
		968BCE4A21F582A90022F248 /* Sources */ = {
			isa = PBXSourcesBuildPhase;
			buildActionMask = 2147483647;
			files = (
				968BCE5321F582A90022F248 /* flixsterTests.swift in Sources */,
			);
			runOnlyForDeploymentPostprocessing = 0;
		};
		968BCE5521F582A90022F248 /* Sources */ = {
			isa = PBXSourcesBuildPhase;
			buildActionMask = 2147483647;
			files = (
				968BCE5E21F582A90022F248 /* flixsterUITests.swift in Sources */,
			);
			runOnlyForDeploymentPostprocessing = 0;
		};
/* End PBXSourcesBuildPhase section */

/* Begin PBXTargetDependency section */
		968BCE5021F582A90022F248 /* PBXTargetDependency */ = {
			isa = PBXTargetDependency;
			target = 968BCE3921F582A90022F248 /* flixster */;
			targetProxy = 968BCE4F21F582A90022F248 /* PBXContainerItemProxy */;
		};
		968BCE5B21F582A90022F248 /* PBXTargetDependency */ = {
			isa = PBXTargetDependency;
			target = 968BCE3921F582A90022F248 /* flixster */;
			targetProxy = 968BCE5A21F582A90022F248 /* PBXContainerItemProxy */;
		};
/* End PBXTargetDependency section */

/* Begin PBXVariantGroup section */
		968BCE4121F582A90022F248 /* Main.storyboard */ = {
			isa = PBXVariantGroup;
			children = (
				968BCE4221F582A90022F248 /* Base */,
			);
			name = Main.storyboard;
			sourceTree = "<group>";
		};
		968BCE4621F582A90022F248 /* LaunchScreen.storyboard */ = {
			isa = PBXVariantGroup;
			children = (
				968BCE4721F582A90022F248 /* Base */,
			);
			name = LaunchScreen.storyboard;
			sourceTree = "<group>";
		};
/* End PBXVariantGroup section */

/* Begin XCBuildConfiguration section */
		968BCE6021F582A90022F248 /* Debug */ = {
			isa = XCBuildConfiguration;
			buildSettings = {
				ALWAYS_SEARCH_USER_PATHS = NO;
				CLANG_ANALYZER_NONNULL = YES;
				CLANG_ANALYZER_NUMBER_OBJECT_CONVERSION = YES_AGGRESSIVE;
				CLANG_CXX_LANGUAGE_STANDARD = "gnu++14";
				CLANG_CXX_LIBRARY = "libc++";
				CLANG_ENABLE_MODULES = YES;
				CLANG_ENABLE_OBJC_ARC = YES;
				CLANG_ENABLE_OBJC_WEAK = YES;
				CLANG_WARN_BLOCK_CAPTURE_AUTORELEASING = YES;
				CLANG_WARN_BOOL_CONVERSION = YES;
				CLANG_WARN_COMMA = YES;
				CLANG_WARN_CONSTANT_CONVERSION = YES;
				CLANG_WARN_DEPRECATED_OBJC_IMPLEMENTATIONS = YES;
				CLANG_WARN_DIRECT_OBJC_ISA_USAGE = YES_ERROR;
				CLANG_WARN_DOCUMENTATION_COMMENTS = YES;
				CLANG_WARN_EMPTY_BODY = YES;
				CLANG_WARN_ENUM_CONVERSION = YES;
				CLANG_WARN_INFINITE_RECURSION = YES;
				CLANG_WARN_INT_CONVERSION = YES;
				CLANG_WARN_NON_LITERAL_NULL_CONVERSION = YES;
				CLANG_WARN_OBJC_IMPLICIT_RETAIN_SELF = YES;
				CLANG_WARN_OBJC_LITERAL_CONVERSION = YES;
				CLANG_WARN_OBJC_ROOT_CLASS = YES_ERROR;
				CLANG_WARN_RANGE_LOOP_ANALYSIS = YES;
				CLANG_WARN_STRICT_PROTOTYPES = YES;
				CLANG_WARN_SUSPICIOUS_MOVE = YES;
				CLANG_WARN_UNGUARDED_AVAILABILITY = YES_AGGRESSIVE;
				CLANG_WARN_UNREACHABLE_CODE = YES;
				CLANG_WARN__DUPLICATE_METHOD_MATCH = YES;
				CODE_SIGN_IDENTITY = "iPhone Developer";
				COPY_PHASE_STRIP = NO;
				DEBUG_INFORMATION_FORMAT = dwarf;
				ENABLE_STRICT_OBJC_MSGSEND = YES;
				ENABLE_TESTABILITY = YES;
				GCC_C_LANGUAGE_STANDARD = gnu11;
				GCC_DYNAMIC_NO_PIC = NO;
				GCC_NO_COMMON_BLOCKS = YES;
				GCC_OPTIMIZATION_LEVEL = 0;
				GCC_PREPROCESSOR_DEFINITIONS = (
					"DEBUG=1",
					"$(inherited)",
				);
				GCC_WARN_64_TO_32_BIT_CONVERSION = YES;
				GCC_WARN_ABOUT_RETURN_TYPE = YES_ERROR;
				GCC_WARN_UNDECLARED_SELECTOR = YES;
				GCC_WARN_UNINITIALIZED_AUTOS = YES_AGGRESSIVE;
				GCC_WARN_UNUSED_FUNCTION = YES;
				GCC_WARN_UNUSED_VARIABLE = YES;
				IPHONEOS_DEPLOYMENT_TARGET = 12.1;
				MTL_ENABLE_DEBUG_INFO = INCLUDE_SOURCE;
				MTL_FAST_MATH = YES;
				ONLY_ACTIVE_ARCH = YES;
				SDKROOT = iphoneos;
				SWIFT_ACTIVE_COMPILATION_CONDITIONS = DEBUG;
				SWIFT_OPTIMIZATION_LEVEL = "-Onone";
			};
			name = Debug;
		};
		968BCE6121F582A90022F248 /* Release */ = {
			isa = XCBuildConfiguration;
			buildSettings = {
				ALWAYS_SEARCH_USER_PATHS = NO;
				CLANG_ANALYZER_NONNULL = YES;
				CLANG_ANALYZER_NUMBER_OBJECT_CONVERSION = YES_AGGRESSIVE;
				CLANG_CXX_LANGUAGE_STANDARD = "gnu++14";
				CLANG_CXX_LIBRARY = "libc++";
				CLANG_ENABLE_MODULES = YES;
				CLANG_ENABLE_OBJC_ARC = YES;
				CLANG_ENABLE_OBJC_WEAK = YES;
				CLANG_WARN_BLOCK_CAPTURE_AUTORELEASING = YES;
				CLANG_WARN_BOOL_CONVERSION = YES;
				CLANG_WARN_COMMA = YES;
				CLANG_WARN_CONSTANT_CONVERSION = YES;
				CLANG_WARN_DEPRECATED_OBJC_IMPLEMENTATIONS = YES;
				CLANG_WARN_DIRECT_OBJC_ISA_USAGE = YES_ERROR;
				CLANG_WARN_DOCUMENTATION_COMMENTS = YES;
				CLANG_WARN_EMPTY_BODY = YES;
				CLANG_WARN_ENUM_CONVERSION = YES;
				CLANG_WARN_INFINITE_RECURSION = YES;
				CLANG_WARN_INT_CONVERSION = YES;
				CLANG_WARN_NON_LITERAL_NULL_CONVERSION = YES;
				CLANG_WARN_OBJC_IMPLICIT_RETAIN_SELF = YES;
				CLANG_WARN_OBJC_LITERAL_CONVERSION = YES;
				CLANG_WARN_OBJC_ROOT_CLASS = YES_ERROR;
				CLANG_WARN_RANGE_LOOP_ANALYSIS = YES;
				CLANG_WARN_STRICT_PROTOTYPES = YES;
				CLANG_WARN_SUSPICIOUS_MOVE = YES;
				CLANG_WARN_UNGUARDED_AVAILABILITY = YES_AGGRESSIVE;
				CLANG_WARN_UNREACHABLE_CODE = YES;
				CLANG_WARN__DUPLICATE_METHOD_MATCH = YES;
				CODE_SIGN_IDENTITY = "iPhone Developer";
				COPY_PHASE_STRIP = NO;
				DEBUG_INFORMATION_FORMAT = "dwarf-with-dsym";
				ENABLE_NS_ASSERTIONS = NO;
				ENABLE_STRICT_OBJC_MSGSEND = YES;
				GCC_C_LANGUAGE_STANDARD = gnu11;
				GCC_NO_COMMON_BLOCKS = YES;
				GCC_WARN_64_TO_32_BIT_CONVERSION = YES;
				GCC_WARN_ABOUT_RETURN_TYPE = YES_ERROR;
				GCC_WARN_UNDECLARED_SELECTOR = YES;
				GCC_WARN_UNINITIALIZED_AUTOS = YES_AGGRESSIVE;
				GCC_WARN_UNUSED_FUNCTION = YES;
				GCC_WARN_UNUSED_VARIABLE = YES;
				IPHONEOS_DEPLOYMENT_TARGET = 12.1;
				MTL_ENABLE_DEBUG_INFO = NO;
				MTL_FAST_MATH = YES;
				SDKROOT = iphoneos;
				SWIFT_COMPILATION_MODE = wholemodule;
				SWIFT_OPTIMIZATION_LEVEL = "-O";
				VALIDATE_PRODUCT = YES;
			};
			name = Release;
		};
		968BCE6321F582A90022F248 /* Debug */ = {
			isa = XCBuildConfiguration;
			baseConfigurationReference = 74A16476CD910EDBB57054B4 /* Pods-flixster.debug.xcconfig */;
			buildSettings = {
				ASSETCATALOG_COMPILER_APPICON_NAME = AppIcon;
				CODE_SIGN_STYLE = Automatic;
				DEVELOPMENT_TEAM = 98NYYQNFS3;
				INFOPLIST_FILE = flixster/Info.plist;
				LD_RUNPATH_SEARCH_PATHS = (
					"$(inherited)",
					"@executable_path/Frameworks",
				);
				PRODUCT_BUNDLE_IDENTIFIER = galvez2j.flixster;
				PRODUCT_NAME = "$(TARGET_NAME)";
				SWIFT_VERSION = 4.2;
				TARGETED_DEVICE_FAMILY = "1,2";
			};
			name = Debug;
		};
		968BCE6421F582A90022F248 /* Release */ = {
			isa = XCBuildConfiguration;
			baseConfigurationReference = 76249F535532AAAB8DAB8F63 /* Pods-flixster.release.xcconfig */;
			buildSettings = {
				ASSETCATALOG_COMPILER_APPICON_NAME = AppIcon;
				CODE_SIGN_STYLE = Automatic;
				DEVELOPMENT_TEAM = 98NYYQNFS3;
				INFOPLIST_FILE = flixster/Info.plist;
				LD_RUNPATH_SEARCH_PATHS = (
					"$(inherited)",
					"@executable_path/Frameworks",
				);
				PRODUCT_BUNDLE_IDENTIFIER = galvez2j.flixster;
				PRODUCT_NAME = "$(TARGET_NAME)";
				SWIFT_VERSION = 4.2;
				TARGETED_DEVICE_FAMILY = "1,2";
			};
			name = Release;
		};
		968BCE6621F582A90022F248 /* Debug */ = {
			isa = XCBuildConfiguration;
			baseConfigurationReference = 89B0211B6FD837249BFEF8B8 /* Pods-flixsterTests.debug.xcconfig */;
			buildSettings = {
				ALWAYS_EMBED_SWIFT_STANDARD_LIBRARIES = YES;
				BUNDLE_LOADER = "$(TEST_HOST)";
				CODE_SIGN_STYLE = Automatic;
				INFOPLIST_FILE = flixsterTests/Info.plist;
				LD_RUNPATH_SEARCH_PATHS = (
					"$(inherited)",
					"@executable_path/Frameworks",
					"@loader_path/Frameworks",
				);
				PRODUCT_BUNDLE_IDENTIFIER = galvez2j.flixsterTests;
				PRODUCT_NAME = "$(TARGET_NAME)";
				SWIFT_VERSION = 4.2;
				TARGETED_DEVICE_FAMILY = "1,2";
				TEST_HOST = "$(BUILT_PRODUCTS_DIR)/flixster.app/flixster";
			};
			name = Debug;
		};
		968BCE6721F582A90022F248 /* Release */ = {
			isa = XCBuildConfiguration;
			baseConfigurationReference = 8CE6E6079F7F48704E582083 /* Pods-flixsterTests.release.xcconfig */;
			buildSettings = {
				ALWAYS_EMBED_SWIFT_STANDARD_LIBRARIES = YES;
				BUNDLE_LOADER = "$(TEST_HOST)";
				CODE_SIGN_STYLE = Automatic;
				INFOPLIST_FILE = flixsterTests/Info.plist;
				LD_RUNPATH_SEARCH_PATHS = (
					"$(inherited)",
					"@executable_path/Frameworks",
					"@loader_path/Frameworks",
				);
				PRODUCT_BUNDLE_IDENTIFIER = galvez2j.flixsterTests;
				PRODUCT_NAME = "$(TARGET_NAME)";
				SWIFT_VERSION = 4.2;
				TARGETED_DEVICE_FAMILY = "1,2";
				TEST_HOST = "$(BUILT_PRODUCTS_DIR)/flixster.app/flixster";
			};
			name = Release;
		};
		968BCE6921F582A90022F248 /* Debug */ = {
			isa = XCBuildConfiguration;
			baseConfigurationReference = 3A24AB1F2D6CDD158269D4C1 /* Pods-flixsterUITests.debug.xcconfig */;
			buildSettings = {
				ALWAYS_EMBED_SWIFT_STANDARD_LIBRARIES = YES;
				CODE_SIGN_STYLE = Automatic;
				INFOPLIST_FILE = flixsterUITests/Info.plist;
				LD_RUNPATH_SEARCH_PATHS = (
					"$(inherited)",
					"@executable_path/Frameworks",
					"@loader_path/Frameworks",
				);
				PRODUCT_BUNDLE_IDENTIFIER = galvez2j.flixsterUITests;
				PRODUCT_NAME = "$(TARGET_NAME)";
				SWIFT_VERSION = 4.2;
				TARGETED_DEVICE_FAMILY = "1,2";
				TEST_TARGET_NAME = flixster;
			};
			name = Debug;
		};
		968BCE6A21F582A90022F248 /* Release */ = {
			isa = XCBuildConfiguration;
			baseConfigurationReference = 4D55FCB3CF7019E23C685DF1 /* Pods-flixsterUITests.release.xcconfig */;
			buildSettings = {
				ALWAYS_EMBED_SWIFT_STANDARD_LIBRARIES = YES;
				CODE_SIGN_STYLE = Automatic;
				INFOPLIST_FILE = flixsterUITests/Info.plist;
				LD_RUNPATH_SEARCH_PATHS = (
					"$(inherited)",
					"@executable_path/Frameworks",
					"@loader_path/Frameworks",
				);
				PRODUCT_BUNDLE_IDENTIFIER = galvez2j.flixsterUITests;
				PRODUCT_NAME = "$(TARGET_NAME)";
				SWIFT_VERSION = 4.2;
				TARGETED_DEVICE_FAMILY = "1,2";
				TEST_TARGET_NAME = flixster;
			};
			name = Release;
		};
/* End XCBuildConfiguration section */

/* Begin XCConfigurationList section */
		968BCE3521F582A90022F248 /* Build configuration list for PBXProject "flixster" */ = {
			isa = XCConfigurationList;
			buildConfigurations = (
				968BCE6021F582A90022F248 /* Debug */,
				968BCE6121F582A90022F248 /* Release */,
			);
			defaultConfigurationIsVisible = 0;
			defaultConfigurationName = Release;
		};
		968BCE6221F582A90022F248 /* Build configuration list for PBXNativeTarget "flixster" */ = {
			isa = XCConfigurationList;
			buildConfigurations = (
				968BCE6321F582A90022F248 /* Debug */,
				968BCE6421F582A90022F248 /* Release */,
			);
			defaultConfigurationIsVisible = 0;
			defaultConfigurationName = Release;
		};
		968BCE6521F582A90022F248 /* Build configuration list for PBXNativeTarget "flixsterTests" */ = {
			isa = XCConfigurationList;
			buildConfigurations = (
				968BCE6621F582A90022F248 /* Debug */,
				968BCE6721F582A90022F248 /* Release */,
			);
			defaultConfigurationIsVisible = 0;
			defaultConfigurationName = Release;
		};
		968BCE6821F582A90022F248 /* Build configuration list for PBXNativeTarget "flixsterUITests" */ = {
			isa = XCConfigurationList;
			buildConfigurations = (
				968BCE6921F582A90022F248 /* Debug */,
				968BCE6A21F582A90022F248 /* Release */,
			);
			defaultConfigurationIsVisible = 0;
			defaultConfigurationName = Release;
		};
/* End XCConfigurationList section */
	};
	rootObject = 968BCE3221F582A90022F248 /* Project object */;
}
